
Microsoft Visual Studio Solution File, Format Version 12.00
# Visual Studio Version 17
VisualStudioVersion = 17.2.32616.157
MinimumVisualStudioVersion = 10.0.40219.1
Project("{FAE04EC0-301F-11D3-BF4B-00C04F79EFBC}") = "YourFoodBackend", "YourFoodBackend\YourFoodBackend.csproj", "{AF0C4CB4-3588-4811-A279-B691357F72DD}"
EndProject
Global
	GlobalSection(SolutionConfigurationPlatforms) = preSolution
		Debug|Any CPU = Debug|Any CPU
		Release|Any CPU = Release|Any CPU
	EndGlobalSection
	GlobalSection(ProjectConfigurationPlatforms) = postSolution
		{AF0C4CB4-3588-4811-A279-B691357F72DD}.Debug|Any CPU.ActiveCfg = Debug|Any CPU
		{AF0C4CB4-3588-4811-A279-B691357F72DD}.Debug|Any CPU.Build.0 = Debug|Any CPU
		{AF0C4CB4-3588-4811-A279-B691357F72DD}.Release|Any CPU.ActiveCfg = Release|Any CPU
		{AF0C4CB4-3588-4811-A279-B691357F72DD}.Release|Any CPU.Build.0 = Release|Any CPU
	EndGlobalSection
	GlobalSection(SolutionProperties) = preSolution
		HideSolutionNode = FALSE
	EndGlobalSection
	GlobalSection(ExtensibilityGlobals) = postSolution
		SolutionGuid = {92413DF0-A59D-47E9-8A9F-0F113E78A459}
	EndGlobalSection
EndGlobal
